
Microsoft Visual Studio Solution File, Format Version 12.00
# Visual Studio Version 17
VisualStudioVersion = 17.14.36518.9 d17.14
MinimumVisualStudioVersion = 10.0.40219.1
Project("{FAE04EC0-301F-11D3-BF4B-00C04F79EFBC}") = "NET 8.0", "NET 8.0\NET 8.0.csproj", "{BB34159B-8843-4407-8B34-653E0E60BA04}"
EndProject
Project("{2150E333-8FDC-42A3-9474-1A3956D46DE8}") = "Solution Items", "Solution Items", "{8EC462FD-D22E-90A8-E5CE-7E832BA40C5D}"
	ProjectSection(SolutionItems) = preProject
		.github\copilot-instructions.md = .github\copilot-instructions.md
		..\..\README.md = ..\..\README.md
		requirements.md = requirements.md
	EndProjectSection
EndProject
Global
	GlobalSection(SolutionConfigurationPlatforms) = preSolution
		Debug|Any CPU = Debug|Any CPU
		Release|Any CPU = Release|Any CPU
	EndGlobalSection
	GlobalSection(ProjectConfigurationPlatforms) = postSolution
		{BB34159B-8843-4407-8B34-653E0E60BA04}.Debug|Any CPU.ActiveCfg = Debug|Any CPU
		{BB34159B-8843-4407-8B34-653E0E60BA04}.Debug|Any CPU.Build.0 = Debug|Any CPU
		{BB34159B-8843-4407-8B34-653E0E60BA04}.Release|Any CPU.ActiveCfg = Release|Any CPU
		{BB34159B-8843-4407-8B34-653E0E60BA04}.Release|Any CPU.Build.0 = Release|Any CPU
	EndGlobalSection
	GlobalSection(SolutionProperties) = preSolution
		HideSolutionNode = FALSE
	EndGlobalSection
	GlobalSection(ExtensibilityGlobals) = postSolution
		SolutionGuid = {EE5C102C-AC46-4A02-A72B-AEA1CD652C4E}
	EndGlobalSection
EndGlobal
